
Microsoft Visual Studio Solution File, Format Version 12.00
# Visual Studio Version 17
Project("{2150E333-8FDC-42A3-9474-1A3956D46DE8}") = "CMakePredefinedTargets", "CMakePredefinedTargets", "{DFDB82F0-3A07-35E0-8E68-D89BF8DCB07C}"
EndProject
Project("{2150E333-8FDC-42A3-9474-1A3956D46DE8}") = "CTestDashboardTargets", "CTestDashboardTargets", "{688A2CDA-E286-3D3A-A741-66F88D7BA12F}"
EndProject
Project("{2150E333-8FDC-42A3-9474-1A3956D46DE8}") = "GLFW3", "GLFW3", "{5D692D31-A8BB-3E01-83F9-6A6584542053}"
EndProject
Project("{8BC9CEB8-8B4A-11D0-8D11-00A0C91BC942}") = "ALL_BUILD", "ALL_BUILD.vcxproj", "{FDA83664-2A87-39E4-9920-51C761F849C4}"
	ProjectSection(ProjectDependencies) = postProject
		{308087FC-4760-37BA-9E8A-39A321D4EF59} = {308087FC-4760-37BA-9E8A-39A321D4EF59}
		{AAAA9DD3-8414-3E7A-A5DE-DB526B3E4407} = {AAAA9DD3-8414-3E7A-A5DE-DB526B3E4407}
		{EA4E6D2D-95BB-3398-9FC7-2EAE392B9D5D} = {EA4E6D2D-95BB-3398-9FC7-2EAE392B9D5D}
		{C1A57298-2C46-3991-B65C-FE6F6675EFE8} = {C1A57298-2C46-3991-B65C-FE6F6675EFE8}
		{D9860BA3-E96A-310F-909F-5EB3845039AB} = {D9860BA3-E96A-310F-909F-5EB3845039AB}
		{3ABE0623-35E2-3AEC-8F42-E2706EF2507C} = {3ABE0623-35E2-3AEC-8F42-E2706EF2507C}
		{CF6576A6-2C62-33BC-A289-F26F1BE05803} = {CF6576A6-2C62-33BC-A289-F26F1BE05803}
		{B27CC10F-0473-3126-9F87-8224577AA30B} = {B27CC10F-0473-3126-9F87-8224577AA30B}
		{05B32559-5949-357C-A4DD-606DD82BAC54} = {05B32559-5949-357C-A4DD-606DD82BAC54}
		{9D0C1D10-E63E-36E1-9FAE-1E33078F2865} = {9D0C1D10-E63E-36E1-9FAE-1E33078F2865}
		{64DD955D-198F-3EE0-AF4F-F06753B8E4AE} = {64DD955D-198F-3EE0-AF4F-F06753B8E4AE}
		{D28EE2E8-BA22-3FF0-89F7-DFC0A8DAF065} = {D28EE2E8-BA22-3FF0-89F7-DFC0A8DAF065}
		{4051A9BD-364C-3875-AE7B-F1FB8257A31B} = {4051A9BD-364C-3875-AE7B-F1FB8257A31B}
		{338F35BF-0157-32E6-BBBB-4F34BCB65CE7} = {338F35BF-0157-32E6-BBBB-4F34BCB65CE7}
		{B984E5DE-BEB7-3D29-995A-2A35F7355F1E} = {B984E5DE-BEB7-3D29-995A-2A35F7355F1E}
		{F32F8FD3-BD81-3671-B045-185DF35FD95D} = {F32F8FD3-BD81-3671-B045-185DF35FD95D}
		{58F8CEC8-D1A2-397A-8BE2-1266F416E69F} = {58F8CEC8-D1A2-397A-8BE2-1266F416E69F}
		{7BAB8351-DBF0-3918-B141-3EAFAF4D4630} = {7BAB8351-DBF0-3918-B141-3EAFAF4D4630}
		{03EC384C-5FD8-39B4-AC8A-2582CD0AE3BF} = {03EC384C-5FD8-39B4-AC8A-2582CD0AE3BF}
		{4EE4C0B9-D96E-3305-9BAE-C7B446328F42} = {4EE4C0B9-D96E-3305-9BAE-C7B446328F42}
		{08DD537E-C10C-397F-9424-AC04D9294D7D} = {08DD537E-C10C-397F-9424-AC04D9294D7D}
		{194FBB81-37B9-3F91-8C2C-00BF624561E0} = {194FBB81-37B9-3F91-8C2C-00BF624561E0}
		{E7205575-3A4E-33C2-8801-D58CA2EC4516} = {E7205575-3A4E-33C2-8801-D58CA2EC4516}
		{97866869-4E0B-3541-8346-0A63CD24F92C} = {97866869-4E0B-3541-8346-0A63CD24F92C}
		{EE72B48E-0687-3316-A1A6-4FC9CCC25E93} = {EE72B48E-0687-3316-A1A6-4FC9CCC25E93}
		{4DC87E03-DEA4-386C-A9FB-6826AADF6C16} = {4DC87E03-DEA4-386C-A9FB-6826AADF6C16}
		{D3A85F58-4A92-3B16-BD59-8B2475829536} = {D3A85F58-4A92-3B16-BD59-8B2475829536}
		{1C6C1A98-15CF-3FE9-8178-A5E7B53F9FDB} = {1C6C1A98-15CF-3FE9-8178-A5E7B53F9FDB}
		{7174EF8B-D4E7-3BF3-8C51-7A8E595E0BB0} = {7174EF8B-D4E7-3BF3-8C51-7A8E595E0BB0}
		{D54B8297-64D2-372E-8FCB-E0E96E201370} = {D54B8297-64D2-372E-8FCB-E0E96E201370}
		{6C815AF9-D69C-3063-951B-8D490D119870} = {6C815AF9-D69C-3063-951B-8D490D119870}
		{9BBCBF68-A49D-3D68-AC41-28603B0537F6} = {9BBCBF68-A49D-3D68-AC41-28603B0537F6}
		{DC8C1F83-25F3-3F94-BCE5-438BD430772A} = {DC8C1F83-25F3-3F94-BCE5-438BD430772A}
		{BC2B8A65-E09E-37DE-87A4-9AC46D9EF574} = {BC2B8A65-E09E-37DE-87A4-9AC46D9EF574}
		{2B2F48B2-CFCB-3728-8B1B-7834AEBD33AE} = {2B2F48B2-CFCB-3728-8B1B-7834AEBD33AE}
		{CF2006CF-396A-3202-8E65-590ABD61761A} = {CF2006CF-396A-3202-8E65-590ABD61761A}
	EndProjectSection
EndProject
Project("{8BC9CEB8-8B4A-11D0-8D11-00A0C91BC942}") = "Continuous", "Continuous.vcxproj", "{912ECFF2-0691-3D45-BE4E-D9A303D21E93}"
	ProjectSection(ProjectDependencies) = postProject
		{308087FC-4760-37BA-9E8A-39A321D4EF59} = {308087FC-4760-37BA-9E8A-39A321D4EF59}
	EndProjectSection
EndProject
Project("{8BC9CEB8-8B4A-11D0-8D11-00A0C91BC942}") = "Experimental", "Experimental.vcxproj", "{0B4765FD-45E6-37F5-9E02-D8E8CC47DF62}"
	ProjectSection(ProjectDependencies) = postProject
		{308087FC-4760-37BA-9E8A-39A321D4EF59} = {308087FC-4760-37BA-9E8A-39A321D4EF59}
	EndProjectSection
EndProject
Project("{8BC9CEB8-8B4A-11D0-8D11-00A0C91BC942}") = "Nightly", "Nightly.vcxproj", "{43337ADB-701E-3753-97FF-DE85A08DA2E0}"
	ProjectSection(ProjectDependencies) = postProject
		{308087FC-4760-37BA-9E8A-39A321D4EF59} = {308087FC-4760-37BA-9E8A-39A321D4EF59}
	EndProjectSection
EndProject
Project("{8BC9CEB8-8B4A-11D0-8D11-00A0C91BC942}") = "NightlyMemoryCheck", "NightlyMemoryCheck.vcxproj", "{E8CAEF91-2F4E-3BCD-8ABF-2208712DD865}"
	ProjectSection(ProjectDependencies) = postProject
		{308087FC-4760-37BA-9E8A-39A321D4EF59} = {308087FC-4760-37BA-9E8A-39A321D4EF59}
	EndProjectSection
EndProject
Project("{8BC9CEB8-8B4A-11D0-8D11-00A0C91BC942}") = "RUN_TESTS", "RUN_TESTS.vcxproj", "{DBB1A694-88F3-3808-9524-291EC9CB1F9C}"
	ProjectSection(ProjectDependencies) = postProject
		{308087FC-4760-37BA-9E8A-39A321D4EF59} = {308087FC-4760-37BA-9E8A-39A321D4EF59}
	EndProjectSection
EndProject
Project("{8BC9CEB8-8B4A-11D0-8D11-00A0C91BC942}") = "ZERO_CHECK", "ZERO_CHECK.vcxproj", "{308087FC-4760-37BA-9E8A-39A321D4EF59}"
	ProjectSection(ProjectDependencies) = postProject
	EndProjectSection
EndProject
Project("{8BC9CEB8-8B4A-11D0-8D11-00A0C91BC942}") = "fabrica_assets_sample", "samples\fabrica_assets_sample.vcxproj", "{AAAA9DD3-8414-3E7A-A5DE-DB526B3E4407}"
	ProjectSection(ProjectDependencies) = postProject
		{308087FC-4760-37BA-9E8A-39A321D4EF59} = {308087FC-4760-37BA-9E8A-39A321D4EF59}
		{3ABE0623-35E2-3AEC-8F42-E2706EF2507C} = {3ABE0623-35E2-3AEC-8F42-E2706EF2507C}
		{CF6576A6-2C62-33BC-A289-F26F1BE05803} = {CF6576A6-2C62-33BC-A289-F26F1BE05803}
		{B27CC10F-0473-3126-9F87-8224577AA30B} = {B27CC10F-0473-3126-9F87-8224577AA30B}
		{64DD955D-198F-3EE0-AF4F-F06753B8E4AE} = {64DD955D-198F-3EE0-AF4F-F06753B8E4AE}
		{D28EE2E8-BA22-3FF0-89F7-DFC0A8DAF065} = {D28EE2E8-BA22-3FF0-89F7-DFC0A8DAF065}
	EndProjectSection
EndProject
Project("{8BC9CEB8-8B4A-11D0-8D11-00A0C91BC942}") = "fabrica_async_sample", "samples\fabrica_async_sample.vcxproj", "{EA4E6D2D-95BB-3398-9FC7-2EAE392B9D5D}"
	ProjectSection(ProjectDependencies) = postProject
		{308087FC-4760-37BA-9E8A-39A321D4EF59} = {308087FC-4760-37BA-9E8A-39A321D4EF59}
		{CF6576A6-2C62-33BC-A289-F26F1BE05803} = {CF6576A6-2C62-33BC-A289-F26F1BE05803}
		{B27CC10F-0473-3126-9F87-8224577AA30B} = {B27CC10F-0473-3126-9F87-8224577AA30B}
		{64DD955D-198F-3EE0-AF4F-F06753B8E4AE} = {64DD955D-198F-3EE0-AF4F-F06753B8E4AE}
		{D28EE2E8-BA22-3FF0-89F7-DFC0A8DAF065} = {D28EE2E8-BA22-3FF0-89F7-DFC0A8DAF065}
	EndProjectSection
EndProject
Project("{8BC9CEB8-8B4A-11D0-8D11-00A0C91BC942}") = "fabrica_common_sample", "samples\fabrica_common_sample.vcxproj", "{C1A57298-2C46-3991-B65C-FE6F6675EFE8}"
	ProjectSection(ProjectDependencies) = postProject
		{308087FC-4760-37BA-9E8A-39A321D4EF59} = {308087FC-4760-37BA-9E8A-39A321D4EF59}
		{B27CC10F-0473-3126-9F87-8224577AA30B} = {B27CC10F-0473-3126-9F87-8224577AA30B}
	EndProjectSection
EndProject
Project("{8BC9CEB8-8B4A-11D0-8D11-00A0C91BC942}") = "fabrica_core_app", "core\fabrica_core_app.vcxproj", "{D9860BA3-E96A-310F-909F-5EB3845039AB}"
	ProjectSection(ProjectDependencies) = postProject
		{308087FC-4760-37BA-9E8A-39A321D4EF59} = {308087FC-4760-37BA-9E8A-39A321D4EF59}
		{CF6576A6-2C62-33BC-A289-F26F1BE05803} = {CF6576A6-2C62-33BC-A289-F26F1BE05803}
		{B27CC10F-0473-3126-9F87-8224577AA30B} = {B27CC10F-0473-3126-9F87-8224577AA30B}
		{05B32559-5949-357C-A4DD-606DD82BAC54} = {05B32559-5949-357C-A4DD-606DD82BAC54}
		{9D0C1D10-E63E-36E1-9FAE-1E33078F2865} = {9D0C1D10-E63E-36E1-9FAE-1E33078F2865}
		{64DD955D-198F-3EE0-AF4F-F06753B8E4AE} = {64DD955D-198F-3EE0-AF4F-F06753B8E4AE}
		{D28EE2E8-BA22-3FF0-89F7-DFC0A8DAF065} = {D28EE2E8-BA22-3FF0-89F7-DFC0A8DAF065}
		{338F35BF-0157-32E6-BBBB-4F34BCB65CE7} = {338F35BF-0157-32E6-BBBB-4F34BCB65CE7}
		{F32F8FD3-BD81-3671-B045-185DF35FD95D} = {F32F8FD3-BD81-3671-B045-185DF35FD95D}
		{CF2006CF-396A-3202-8E65-590ABD61761A} = {CF2006CF-396A-3202-8E65-590ABD61761A}
	EndProjectSection
EndProject
Project("{8BC9CEB8-8B4A-11D0-8D11-00A0C91BC942}") = "fabrica_core_assets", "core\fabrica_core_assets.vcxproj", "{3ABE0623-35E2-3AEC-8F42-E2706EF2507C}"
	ProjectSection(ProjectDependencies) = postProject
		{308087FC-4760-37BA-9E8A-39A321D4EF59} = {308087FC-4760-37BA-9E8A-39A321D4EF59}
		{CF6576A6-2C62-33BC-A289-F26F1BE05803} = {CF6576A6-2C62-33BC-A289-F26F1BE05803}
		{B27CC10F-0473-3126-9F87-8224577AA30B} = {B27CC10F-0473-3126-9F87-8224577AA30B}
		{64DD955D-198F-3EE0-AF4F-F06753B8E4AE} = {64DD955D-198F-3EE0-AF4F-F06753B8E4AE}
		{D28EE2E8-BA22-3FF0-89F7-DFC0A8DAF065} = {D28EE2E8-BA22-3FF0-89F7-DFC0A8DAF065}
	EndProjectSection
EndProject
Project("{8BC9CEB8-8B4A-11D0-8D11-00A0C91BC942}") = "fabrica_core_async", "core\fabrica_core_async.vcxproj", "{CF6576A6-2C62-33BC-A289-F26F1BE05803}"
	ProjectSection(ProjectDependencies) = postProject
		{308087FC-4760-37BA-9E8A-39A321D4EF59} = {308087FC-4760-37BA-9E8A-39A321D4EF59}
		{B27CC10F-0473-3126-9F87-8224577AA30B} = {B27CC10F-0473-3126-9F87-8224577AA30B}
		{64DD955D-198F-3EE0-AF4F-F06753B8E4AE} = {64DD955D-198F-3EE0-AF4F-F06753B8E4AE}
		{D28EE2E8-BA22-3FF0-89F7-DFC0A8DAF065} = {D28EE2E8-BA22-3FF0-89F7-DFC0A8DAF065}
	EndProjectSection
EndProject
Project("{8BC9CEB8-8B4A-11D0-8D11-00A0C91BC942}") = "fabrica_core_common", "core\fabrica_core_common.vcxproj", "{B27CC10F-0473-3126-9F87-8224577AA30B}"
	ProjectSection(ProjectDependencies) = postProject
		{308087FC-4760-37BA-9E8A-39A321D4EF59} = {308087FC-4760-37BA-9E8A-39A321D4EF59}
	EndProjectSection
EndProject
Project("{8BC9CEB8-8B4A-11D0-8D11-00A0C91BC942}") = "fabrica_core_ecs", "core\fabrica_core_ecs.vcxproj", "{05B32559-5949-357C-A4DD-606DD82BAC54}"
	ProjectSection(ProjectDependencies) = postProject
		{308087FC-4760-37BA-9E8A-39A321D4EF59} = {308087FC-4760-37BA-9E8A-39A321D4EF59}
		{B27CC10F-0473-3126-9F87-8224577AA30B} = {B27CC10F-0473-3126-9F87-8224577AA30B}
	EndProjectSection
EndProject
Project("{8BC9CEB8-8B4A-11D0-8D11-00A0C91BC942}") = "fabrica_core_input", "core\fabrica_core_input.vcxproj", "{9D0C1D10-E63E-36E1-9FAE-1E33078F2865}"
	ProjectSection(ProjectDependencies) = postProject
		{308087FC-4760-37BA-9E8A-39A321D4EF59} = {308087FC-4760-37BA-9E8A-39A321D4EF59}
		{B27CC10F-0473-3126-9F87-8224577AA30B} = {B27CC10F-0473-3126-9F87-8224577AA30B}
		{D28EE2E8-BA22-3FF0-89F7-DFC0A8DAF065} = {D28EE2E8-BA22-3FF0-89F7-DFC0A8DAF065}
		{F32F8FD3-BD81-3671-B045-185DF35FD95D} = {F32F8FD3-BD81-3671-B045-185DF35FD95D}
		{CF2006CF-396A-3202-8E65-590ABD61761A} = {CF2006CF-396A-3202-8E65-590ABD61761A}
	EndProjectSection
EndProject
Project("{8BC9CEB8-8B4A-11D0-8D11-00A0C91BC942}") = "fabrica_core_jobs", "core\fabrica_core_jobs.vcxproj", "{64DD955D-198F-3EE0-AF4F-F06753B8E4AE}"
	ProjectSection(ProjectDependencies) = postProject
		{308087FC-4760-37BA-9E8A-39A321D4EF59} = {308087FC-4760-37BA-9E8A-39A321D4EF59}
		{B27CC10F-0473-3126-9F87-8224577AA30B} = {B27CC10F-0473-3126-9F87-8224577AA30B}
		{D28EE2E8-BA22-3FF0-89F7-DFC0A8DAF065} = {D28EE2E8-BA22-3FF0-89F7-DFC0A8DAF065}
	EndProjectSection
EndProject
Project("{8BC9CEB8-8B4A-11D0-8D11-00A0C91BC942}") = "fabrica_core_logging", "core\fabrica_core_logging.vcxproj", "{D28EE2E8-BA22-3FF0-89F7-DFC0A8DAF065}"
	ProjectSection(ProjectDependencies) = postProject
		{308087FC-4760-37BA-9E8A-39A321D4EF59} = {308087FC-4760-37BA-9E8A-39A321D4EF59}
		{B27CC10F-0473-3126-9F87-8224577AA30B} = {B27CC10F-0473-3126-9F87-8224577AA30B}
	EndProjectSection
EndProject
Project("{8BC9CEB8-8B4A-11D0-8D11-00A0C91BC942}") = "fabrica_core_memory", "core\fabrica_core_memory.vcxproj", "{4051A9BD-364C-3875-AE7B-F1FB8257A31B}"
	ProjectSection(ProjectDependencies) = postProject
		{308087FC-4760-37BA-9E8A-39A321D4EF59} = {308087FC-4760-37BA-9E8A-39A321D4EF59}
		{B27CC10F-0473-3126-9F87-8224577AA30B} = {B27CC10F-0473-3126-9F87-8224577AA30B}
	EndProjectSection
EndProject
Project("{8BC9CEB8-8B4A-11D0-8D11-00A0C91BC942}") = "fabrica_core_runtime", "core\fabrica_core_runtime.vcxproj", "{338F35BF-0157-32E6-BBBB-4F34BCB65CE7}"
	ProjectSection(ProjectDependencies) = postProject
		{308087FC-4760-37BA-9E8A-39A321D4EF59} = {308087FC-4760-37BA-9E8A-39A321D4EF59}
		{B27CC10F-0473-3126-9F87-8224577AA30B} = {B27CC10F-0473-3126-9F87-8224577AA30B}
		{64DD955D-198F-3EE0-AF4F-F06753B8E4AE} = {64DD955D-198F-3EE0-AF4F-F06753B8E4AE}
		{D28EE2E8-BA22-3FF0-89F7-DFC0A8DAF065} = {D28EE2E8-BA22-3FF0-89F7-DFC0A8DAF065}
		{F32F8FD3-BD81-3671-B045-185DF35FD95D} = {F32F8FD3-BD81-3671-B045-185DF35FD95D}
		{CF2006CF-396A-3202-8E65-590ABD61761A} = {CF2006CF-396A-3202-8E65-590ABD61761A}
	EndProjectSection
EndProject
Project("{8BC9CEB8-8B4A-11D0-8D11-00A0C91BC942}") = "fabrica_core_tests", "core\fabrica_core_tests.vcxproj", "{B984E5DE-BEB7-3D29-995A-2A35F7355F1E}"
	ProjectSection(ProjectDependencies) = postProject
		{308087FC-4760-37BA-9E8A-39A321D4EF59} = {308087FC-4760-37BA-9E8A-39A321D4EF59}
		{D9860BA3-E96A-310F-909F-5EB3845039AB} = {D9860BA3-E96A-310F-909F-5EB3845039AB}
		{3ABE0623-35E2-3AEC-8F42-E2706EF2507C} = {3ABE0623-35E2-3AEC-8F42-E2706EF2507C}
		{CF6576A6-2C62-33BC-A289-F26F1BE05803} = {CF6576A6-2C62-33BC-A289-F26F1BE05803}
		{B27CC10F-0473-3126-9F87-8224577AA30B} = {B27CC10F-0473-3126-9F87-8224577AA30B}
		{05B32559-5949-357C-A4DD-606DD82BAC54} = {05B32559-5949-357C-A4DD-606DD82BAC54}
		{9D0C1D10-E63E-36E1-9FAE-1E33078F2865} = {9D0C1D10-E63E-36E1-9FAE-1E33078F2865}
		{64DD955D-198F-3EE0-AF4F-F06753B8E4AE} = {64DD955D-198F-3EE0-AF4F-F06753B8E4AE}
		{D28EE2E8-BA22-3FF0-89F7-DFC0A8DAF065} = {D28EE2E8-BA22-3FF0-89F7-DFC0A8DAF065}
		{4051A9BD-364C-3875-AE7B-F1FB8257A31B} = {4051A9BD-364C-3875-AE7B-F1FB8257A31B}
		{338F35BF-0157-32E6-BBBB-4F34BCB65CE7} = {338F35BF-0157-32E6-BBBB-4F34BCB65CE7}
		{F32F8FD3-BD81-3671-B045-185DF35FD95D} = {F32F8FD3-BD81-3671-B045-185DF35FD95D}
		{CF2006CF-396A-3202-8E65-590ABD61761A} = {CF2006CF-396A-3202-8E65-590ABD61761A}
	EndProjectSection
EndProject
Project("{8BC9CEB8-8B4A-11D0-8D11-00A0C91BC942}") = "fabrica_core_window", "core\fabrica_core_window.vcxproj", "{F32F8FD3-BD81-3671-B045-185DF35FD95D}"
	ProjectSection(ProjectDependencies) = postProject
		{308087FC-4760-37BA-9E8A-39A321D4EF59} = {308087FC-4760-37BA-9E8A-39A321D4EF59}
		{B27CC10F-0473-3126-9F87-8224577AA30B} = {B27CC10F-0473-3126-9F87-8224577AA30B}
		{D28EE2E8-BA22-3FF0-89F7-DFC0A8DAF065} = {D28EE2E8-BA22-3FF0-89F7-DFC0A8DAF065}
		{CF2006CF-396A-3202-8E65-590ABD61761A} = {CF2006CF-396A-3202-8E65-590ABD61761A}
	EndProjectSection
EndProject
Project("{8BC9CEB8-8B4A-11D0-8D11-00A0C91BC942}") = "fabrica_ecs_sample", "samples\fabrica_ecs_sample.vcxproj", "{58F8CEC8-D1A2-397A-8BE2-1266F416E69F}"
	ProjectSection(ProjectDependencies) = postProject
		{308087FC-4760-37BA-9E8A-39A321D4EF59} = {308087FC-4760-37BA-9E8A-39A321D4EF59}
		{B27CC10F-0473-3126-9F87-8224577AA30B} = {B27CC10F-0473-3126-9F87-8224577AA30B}
		{05B32559-5949-357C-A4DD-606DD82BAC54} = {05B32559-5949-357C-A4DD-606DD82BAC54}
	EndProjectSection
EndProject
Project("{8BC9CEB8-8B4A-11D0-8D11-00A0C91BC942}") = "fabrica_input_sample", "samples\fabrica_input_sample.vcxproj", "{7BAB8351-DBF0-3918-B141-3EAFAF4D4630}"
	ProjectSection(ProjectDependencies) = postProject
		{308087FC-4760-37BA-9E8A-39A321D4EF59} = {308087FC-4760-37BA-9E8A-39A321D4EF59}
		{B27CC10F-0473-3126-9F87-8224577AA30B} = {B27CC10F-0473-3126-9F87-8224577AA30B}
		{9D0C1D10-E63E-36E1-9FAE-1E33078F2865} = {9D0C1D10-E63E-36E1-9FAE-1E33078F2865}
		{D28EE2E8-BA22-3FF0-89F7-DFC0A8DAF065} = {D28EE2E8-BA22-3FF0-89F7-DFC0A8DAF065}
		{F32F8FD3-BD81-3671-B045-185DF35FD95D} = {F32F8FD3-BD81-3671-B045-185DF35FD95D}
		{CF2006CF-396A-3202-8E65-590ABD61761A} = {CF2006CF-396A-3202-8E65-590ABD61761A}
	EndProjectSection
EndProject
Project("{8BC9CEB8-8B4A-11D0-8D11-00A0C91BC942}") = "fabrica_jobs_sample", "samples\fabrica_jobs_sample.vcxproj", "{03EC384C-5FD8-39B4-AC8A-2582CD0AE3BF}"
	ProjectSection(ProjectDependencies) = postProject
		{308087FC-4760-37BA-9E8A-39A321D4EF59} = {308087FC-4760-37BA-9E8A-39A321D4EF59}
		{B27CC10F-0473-3126-9F87-8224577AA30B} = {B27CC10F-0473-3126-9F87-8224577AA30B}
		{64DD955D-198F-3EE0-AF4F-F06753B8E4AE} = {64DD955D-198F-3EE0-AF4F-F06753B8E4AE}
		{D28EE2E8-BA22-3FF0-89F7-DFC0A8DAF065} = {D28EE2E8-BA22-3FF0-89F7-DFC0A8DAF065}
	EndProjectSection
EndProject
Project("{8BC9CEB8-8B4A-11D0-8D11-00A0C91BC942}") = "fabrica_logging_sample", "samples\fabrica_logging_sample.vcxproj", "{4EE4C0B9-D96E-3305-9BAE-C7B446328F42}"
	ProjectSection(ProjectDependencies) = postProject
		{308087FC-4760-37BA-9E8A-39A321D4EF59} = {308087FC-4760-37BA-9E8A-39A321D4EF59}
		{B27CC10F-0473-3126-9F87-8224577AA30B} = {B27CC10F-0473-3126-9F87-8224577AA30B}
		{D28EE2E8-BA22-3FF0-89F7-DFC0A8DAF065} = {D28EE2E8-BA22-3FF0-89F7-DFC0A8DAF065}
	EndProjectSection
EndProject
Project("{8BC9CEB8-8B4A-11D0-8D11-00A0C91BC942}") = "fabrica_memory_sample", "samples\fabrica_memory_sample.vcxproj", "{08DD537E-C10C-397F-9424-AC04D9294D7D}"
	ProjectSection(ProjectDependencies) = postProject
		{308087FC-4760-37BA-9E8A-39A321D4EF59} = {308087FC-4760-37BA-9E8A-39A321D4EF59}
		{B27CC10F-0473-3126-9F87-8224577AA30B} = {B27CC10F-0473-3126-9F87-8224577AA30B}
		{4051A9BD-364C-3875-AE7B-F1FB8257A31B} = {4051A9BD-364C-3875-AE7B-F1FB8257A31B}
	EndProjectSection
EndProject
Project("{8BC9CEB8-8B4A-11D0-8D11-00A0C91BC942}") = "fabrica_pal", "pal\fabrica_pal.vcxproj", "{194FBB81-37B9-3F91-8C2C-00BF624561E0}"
	ProjectSection(ProjectDependencies) = postProject
		{308087FC-4760-37BA-9E8A-39A321D4EF59} = {308087FC-4760-37BA-9E8A-39A321D4EF59}
		{CF6576A6-2C62-33BC-A289-F26F1BE05803} = {CF6576A6-2C62-33BC-A289-F26F1BE05803}
		{B27CC10F-0473-3126-9F87-8224577AA30B} = {B27CC10F-0473-3126-9F87-8224577AA30B}
		{64DD955D-198F-3EE0-AF4F-F06753B8E4AE} = {64DD955D-198F-3EE0-AF4F-F06753B8E4AE}
		{D28EE2E8-BA22-3FF0-89F7-DFC0A8DAF065} = {D28EE2E8-BA22-3FF0-89F7-DFC0A8DAF065}
	EndProjectSection
EndProject
Project("{8BC9CEB8-8B4A-11D0-8D11-00A0C91BC942}") = "fabrica_pal_sample", "samples\fabrica_pal_sample.vcxproj", "{E7205575-3A4E-33C2-8801-D58CA2EC4516}"
	ProjectSection(ProjectDependencies) = postProject
		{308087FC-4760-37BA-9E8A-39A321D4EF59} = {308087FC-4760-37BA-9E8A-39A321D4EF59}
		{CF6576A6-2C62-33BC-A289-F26F1BE05803} = {CF6576A6-2C62-33BC-A289-F26F1BE05803}
		{B27CC10F-0473-3126-9F87-8224577AA30B} = {B27CC10F-0473-3126-9F87-8224577AA30B}
		{64DD955D-198F-3EE0-AF4F-F06753B8E4AE} = {64DD955D-198F-3EE0-AF4F-F06753B8E4AE}
		{D28EE2E8-BA22-3FF0-89F7-DFC0A8DAF065} = {D28EE2E8-BA22-3FF0-89F7-DFC0A8DAF065}
		{194FBB81-37B9-3F91-8C2C-00BF624561E0} = {194FBB81-37B9-3F91-8C2C-00BF624561E0}
	EndProjectSection
EndProject
Project("{8BC9CEB8-8B4A-11D0-8D11-00A0C91BC942}") = "fabrica_pal_tests", "pal\fabrica_pal_tests.vcxproj", "{97866869-4E0B-3541-8346-0A63CD24F92C}"
	ProjectSection(ProjectDependencies) = postProject
		{308087FC-4760-37BA-9E8A-39A321D4EF59} = {308087FC-4760-37BA-9E8A-39A321D4EF59}
		{CF6576A6-2C62-33BC-A289-F26F1BE05803} = {CF6576A6-2C62-33BC-A289-F26F1BE05803}
		{B27CC10F-0473-3126-9F87-8224577AA30B} = {B27CC10F-0473-3126-9F87-8224577AA30B}
		{64DD955D-198F-3EE0-AF4F-F06753B8E4AE} = {64DD955D-198F-3EE0-AF4F-F06753B8E4AE}
		{D28EE2E8-BA22-3FF0-89F7-DFC0A8DAF065} = {D28EE2E8-BA22-3FF0-89F7-DFC0A8DAF065}
		{194FBB81-37B9-3F91-8C2C-00BF624561E0} = {194FBB81-37B9-3F91-8C2C-00BF624561E0}
	EndProjectSection
EndProject
Project("{8BC9CEB8-8B4A-11D0-8D11-00A0C91BC942}") = "fabrica_renderer", "renderer\fabrica_renderer.vcxproj", "{EE72B48E-0687-3316-A1A6-4FC9CCC25E93}"
	ProjectSection(ProjectDependencies) = postProject
		{308087FC-4760-37BA-9E8A-39A321D4EF59} = {308087FC-4760-37BA-9E8A-39A321D4EF59}
		{B27CC10F-0473-3126-9F87-8224577AA30B} = {B27CC10F-0473-3126-9F87-8224577AA30B}
		{D28EE2E8-BA22-3FF0-89F7-DFC0A8DAF065} = {D28EE2E8-BA22-3FF0-89F7-DFC0A8DAF065}
		{07C25A94-869A-369E-9796-04F01F30E9CA} = {07C25A94-869A-369E-9796-04F01F30E9CA}
		{1C6C1A98-15CF-3FE9-8178-A5E7B53F9FDB} = {1C6C1A98-15CF-3FE9-8178-A5E7B53F9FDB}
	EndProjectSection
EndProject
Project("{8BC9CEB8-8B4A-11D0-8D11-00A0C91BC942}") = "fabrica_renderer_sample", "samples\fabrica_renderer_sample.vcxproj", "{4DC87E03-DEA4-386C-A9FB-6826AADF6C16}"
	ProjectSection(ProjectDependencies) = postProject
		{308087FC-4760-37BA-9E8A-39A321D4EF59} = {308087FC-4760-37BA-9E8A-39A321D4EF59}
		{B27CC10F-0473-3126-9F87-8224577AA30B} = {B27CC10F-0473-3126-9F87-8224577AA30B}
		{D28EE2E8-BA22-3FF0-89F7-DFC0A8DAF065} = {D28EE2E8-BA22-3FF0-89F7-DFC0A8DAF065}
		{F32F8FD3-BD81-3671-B045-185DF35FD95D} = {F32F8FD3-BD81-3671-B045-185DF35FD95D}
		{EE72B48E-0687-3316-A1A6-4FC9CCC25E93} = {EE72B48E-0687-3316-A1A6-4FC9CCC25E93}
		{1C6C1A98-15CF-3FE9-8178-A5E7B53F9FDB} = {1C6C1A98-15CF-3FE9-8178-A5E7B53F9FDB}
		{6C815AF9-D69C-3063-951B-8D490D119870} = {6C815AF9-D69C-3063-951B-8D490D119870}
		{CF2006CF-396A-3202-8E65-590ABD61761A} = {CF2006CF-396A-3202-8E65-590ABD61761A}
	EndProjectSection
EndProject
Project("{8BC9CEB8-8B4A-11D0-8D11-00A0C91BC942}") = "fabrica_renderer_shaders", "renderer\fabrica_renderer_shaders.vcxproj", "{07C25A94-869A-369E-9796-04F01F30E9CA}"
	ProjectSection(ProjectDependencies) = postProject
		{308087FC-4760-37BA-9E8A-39A321D4EF59} = {308087FC-4760-37BA-9E8A-39A321D4EF59}
	EndProjectSection
EndProject
Project("{8BC9CEB8-8B4A-11D0-8D11-00A0C91BC942}") = "fabrica_renderer_tests", "renderer\fabrica_renderer_tests.vcxproj", "{D3A85F58-4A92-3B16-BD59-8B2475829536}"
	ProjectSection(ProjectDependencies) = postProject
		{308087FC-4760-37BA-9E8A-39A321D4EF59} = {308087FC-4760-37BA-9E8A-39A321D4EF59}
		{B27CC10F-0473-3126-9F87-8224577AA30B} = {B27CC10F-0473-3126-9F87-8224577AA30B}
		{D28EE2E8-BA22-3FF0-89F7-DFC0A8DAF065} = {D28EE2E8-BA22-3FF0-89F7-DFC0A8DAF065}
		{EE72B48E-0687-3316-A1A6-4FC9CCC25E93} = {EE72B48E-0687-3316-A1A6-4FC9CCC25E93}
		{1C6C1A98-15CF-3FE9-8178-A5E7B53F9FDB} = {1C6C1A98-15CF-3FE9-8178-A5E7B53F9FDB}
	EndProjectSection
EndProject
Project("{8BC9CEB8-8B4A-11D0-8D11-00A0C91BC942}") = "fabrica_rhi", "rhi\fabrica_rhi.vcxproj", "{1C6C1A98-15CF-3FE9-8178-A5E7B53F9FDB}"
	ProjectSection(ProjectDependencies) = postProject
		{308087FC-4760-37BA-9E8A-39A321D4EF59} = {308087FC-4760-37BA-9E8A-39A321D4EF59}
		{B27CC10F-0473-3126-9F87-8224577AA30B} = {B27CC10F-0473-3126-9F87-8224577AA30B}
	EndProjectSection
EndProject
Project("{8BC9CEB8-8B4A-11D0-8D11-00A0C91BC942}") = "fabrica_rhi_tests", "rhi\fabrica_rhi_tests.vcxproj", "{7174EF8B-D4E7-3BF3-8C51-7A8E595E0BB0}"
	ProjectSection(ProjectDependencies) = postProject
		{308087FC-4760-37BA-9E8A-39A321D4EF59} = {308087FC-4760-37BA-9E8A-39A321D4EF59}
		{B27CC10F-0473-3126-9F87-8224577AA30B} = {B27CC10F-0473-3126-9F87-8224577AA30B}
		{D28EE2E8-BA22-3FF0-89F7-DFC0A8DAF065} = {D28EE2E8-BA22-3FF0-89F7-DFC0A8DAF065}
		{1C6C1A98-15CF-3FE9-8178-A5E7B53F9FDB} = {1C6C1A98-15CF-3FE9-8178-A5E7B53F9FDB}
		{6C815AF9-D69C-3063-951B-8D490D119870} = {6C815AF9-D69C-3063-951B-8D490D119870}
		{CF2006CF-396A-3202-8E65-590ABD61761A} = {CF2006CF-396A-3202-8E65-590ABD61761A}
	EndProjectSection
EndProject
Project("{8BC9CEB8-8B4A-11D0-8D11-00A0C91BC942}") = "fabrica_rhi_triangle_sample", "samples\fabrica_rhi_triangle_sample.vcxproj", "{D54B8297-64D2-372E-8FCB-E0E96E201370}"
	ProjectSection(ProjectDependencies) = postProject
		{308087FC-4760-37BA-9E8A-39A321D4EF59} = {308087FC-4760-37BA-9E8A-39A321D4EF59}
		{B27CC10F-0473-3126-9F87-8224577AA30B} = {B27CC10F-0473-3126-9F87-8224577AA30B}
		{D28EE2E8-BA22-3FF0-89F7-DFC0A8DAF065} = {D28EE2E8-BA22-3FF0-89F7-DFC0A8DAF065}
		{F32F8FD3-BD81-3671-B045-185DF35FD95D} = {F32F8FD3-BD81-3671-B045-185DF35FD95D}
		{1C6C1A98-15CF-3FE9-8178-A5E7B53F9FDB} = {1C6C1A98-15CF-3FE9-8178-A5E7B53F9FDB}
		{C61E8F34-CB24-39A8-9BB7-0531601F2E1F} = {C61E8F34-CB24-39A8-9BB7-0531601F2E1F}
		{6C815AF9-D69C-3063-951B-8D490D119870} = {6C815AF9-D69C-3063-951B-8D490D119870}
		{CF2006CF-396A-3202-8E65-590ABD61761A} = {CF2006CF-396A-3202-8E65-590ABD61761A}
	EndProjectSection
EndProject
Project("{8BC9CEB8-8B4A-11D0-8D11-00A0C91BC942}") = "fabrica_rhi_triangle_sample_shaders", "samples\fabrica_rhi_triangle_sample_shaders.vcxproj", "{C61E8F34-CB24-39A8-9BB7-0531601F2E1F}"
	ProjectSection(ProjectDependencies) = postProject
		{308087FC-4760-37BA-9E8A-39A321D4EF59} = {308087FC-4760-37BA-9E8A-39A321D4EF59}
	EndProjectSection
EndProject
Project("{8BC9CEB8-8B4A-11D0-8D11-00A0C91BC942}") = "fabrica_rhi_vulkan", "rhi\vulkan\fabrica_rhi_vulkan.vcxproj", "{6C815AF9-D69C-3063-951B-8D490D119870}"
	ProjectSection(ProjectDependencies) = postProject
		{308087FC-4760-37BA-9E8A-39A321D4EF59} = {308087FC-4760-37BA-9E8A-39A321D4EF59}
		{B27CC10F-0473-3126-9F87-8224577AA30B} = {B27CC10F-0473-3126-9F87-8224577AA30B}
		{D28EE2E8-BA22-3FF0-89F7-DFC0A8DAF065} = {D28EE2E8-BA22-3FF0-89F7-DFC0A8DAF065}
		{1C6C1A98-15CF-3FE9-8178-A5E7B53F9FDB} = {1C6C1A98-15CF-3FE9-8178-A5E7B53F9FDB}
		{CF2006CF-396A-3202-8E65-590ABD61761A} = {CF2006CF-396A-3202-8E65-590ABD61761A}
	EndProjectSection
EndProject
Project("{8BC9CEB8-8B4A-11D0-8D11-00A0C91BC942}") = "fabrica_runtime_headless_sample", "samples\fabrica_runtime_headless_sample.vcxproj", "{9BBCBF68-A49D-3D68-AC41-28603B0537F6}"
	ProjectSection(ProjectDependencies) = postProject
		{308087FC-4760-37BA-9E8A-39A321D4EF59} = {308087FC-4760-37BA-9E8A-39A321D4EF59}
		{B27CC10F-0473-3126-9F87-8224577AA30B} = {B27CC10F-0473-3126-9F87-8224577AA30B}
		{64DD955D-198F-3EE0-AF4F-F06753B8E4AE} = {64DD955D-198F-3EE0-AF4F-F06753B8E4AE}
		{D28EE2E8-BA22-3FF0-89F7-DFC0A8DAF065} = {D28EE2E8-BA22-3FF0-89F7-DFC0A8DAF065}
		{338F35BF-0157-32E6-BBBB-4F34BCB65CE7} = {338F35BF-0157-32E6-BBBB-4F34BCB65CE7}
		{F32F8FD3-BD81-3671-B045-185DF35FD95D} = {F32F8FD3-BD81-3671-B045-185DF35FD95D}
		{CF2006CF-396A-3202-8E65-590ABD61761A} = {CF2006CF-396A-3202-8E65-590ABD61761A}
	EndProjectSection
EndProject
Project("{8BC9CEB8-8B4A-11D0-8D11-00A0C91BC942}") = "fabrica_runtime_sample", "samples\fabrica_runtime_sample.vcxproj", "{DC8C1F83-25F3-3F94-BCE5-438BD430772A}"
	ProjectSection(ProjectDependencies) = postProject
		{308087FC-4760-37BA-9E8A-39A321D4EF59} = {308087FC-4760-37BA-9E8A-39A321D4EF59}
		{D9860BA3-E96A-310F-909F-5EB3845039AB} = {D9860BA3-E96A-310F-909F-5EB3845039AB}
		{CF6576A6-2C62-33BC-A289-F26F1BE05803} = {CF6576A6-2C62-33BC-A289-F26F1BE05803}
		{B27CC10F-0473-3126-9F87-8224577AA30B} = {B27CC10F-0473-3126-9F87-8224577AA30B}
		{05B32559-5949-357C-A4DD-606DD82BAC54} = {05B32559-5949-357C-A4DD-606DD82BAC54}
		{9D0C1D10-E63E-36E1-9FAE-1E33078F2865} = {9D0C1D10-E63E-36E1-9FAE-1E33078F2865}
		{64DD955D-198F-3EE0-AF4F-F06753B8E4AE} = {64DD955D-198F-3EE0-AF4F-F06753B8E4AE}
		{D28EE2E8-BA22-3FF0-89F7-DFC0A8DAF065} = {D28EE2E8-BA22-3FF0-89F7-DFC0A8DAF065}
		{338F35BF-0157-32E6-BBBB-4F34BCB65CE7} = {338F35BF-0157-32E6-BBBB-4F34BCB65CE7}
		{F32F8FD3-BD81-3671-B045-185DF35FD95D} = {F32F8FD3-BD81-3671-B045-185DF35FD95D}
		{CF2006CF-396A-3202-8E65-590ABD61761A} = {CF2006CF-396A-3202-8E65-590ABD61761A}
	EndProjectSection
EndProject
Project("{8BC9CEB8-8B4A-11D0-8D11-00A0C91BC942}") = "fabrica_view_application_sample", "samples\fabrica_view_application_sample.vcxproj", "{BC2B8A65-E09E-37DE-87A4-9AC46D9EF574}"
	ProjectSection(ProjectDependencies) = postProject
		{308087FC-4760-37BA-9E8A-39A321D4EF59} = {308087FC-4760-37BA-9E8A-39A321D4EF59}
		{D9860BA3-E96A-310F-909F-5EB3845039AB} = {D9860BA3-E96A-310F-909F-5EB3845039AB}
		{CF6576A6-2C62-33BC-A289-F26F1BE05803} = {CF6576A6-2C62-33BC-A289-F26F1BE05803}
		{B27CC10F-0473-3126-9F87-8224577AA30B} = {B27CC10F-0473-3126-9F87-8224577AA30B}
		{05B32559-5949-357C-A4DD-606DD82BAC54} = {05B32559-5949-357C-A4DD-606DD82BAC54}
		{9D0C1D10-E63E-36E1-9FAE-1E33078F2865} = {9D0C1D10-E63E-36E1-9FAE-1E33078F2865}
		{64DD955D-198F-3EE0-AF4F-F06753B8E4AE} = {64DD955D-198F-3EE0-AF4F-F06753B8E4AE}
		{D28EE2E8-BA22-3FF0-89F7-DFC0A8DAF065} = {D28EE2E8-BA22-3FF0-89F7-DFC0A8DAF065}
		{338F35BF-0157-32E6-BBBB-4F34BCB65CE7} = {338F35BF-0157-32E6-BBBB-4F34BCB65CE7}
		{F32F8FD3-BD81-3671-B045-185DF35FD95D} = {F32F8FD3-BD81-3671-B045-185DF35FD95D}
		{CF2006CF-396A-3202-8E65-590ABD61761A} = {CF2006CF-396A-3202-8E65-590ABD61761A}
	EndProjectSection
EndProject
Project("{8BC9CEB8-8B4A-11D0-8D11-00A0C91BC942}") = "fabrica_window_sample", "samples\fabrica_window_sample.vcxproj", "{2B2F48B2-CFCB-3728-8B1B-7834AEBD33AE}"
	ProjectSection(ProjectDependencies) = postProject
		{308087FC-4760-37BA-9E8A-39A321D4EF59} = {308087FC-4760-37BA-9E8A-39A321D4EF59}
		{B27CC10F-0473-3126-9F87-8224577AA30B} = {B27CC10F-0473-3126-9F87-8224577AA30B}
		{D28EE2E8-BA22-3FF0-89F7-DFC0A8DAF065} = {D28EE2E8-BA22-3FF0-89F7-DFC0A8DAF065}
		{F32F8FD3-BD81-3671-B045-185DF35FD95D} = {F32F8FD3-BD81-3671-B045-185DF35FD95D}
		{CF2006CF-396A-3202-8E65-590ABD61761A} = {CF2006CF-396A-3202-8E65-590ABD61761A}
	EndProjectSection
EndProject
Project("{8BC9CEB8-8B4A-11D0-8D11-00A0C91BC942}") = "glfw", "_deps\glfw-build\src\glfw.vcxproj", "{CF2006CF-396A-3202-8E65-590ABD61761A}"
	ProjectSection(ProjectDependencies) = postProject
		{308087FC-4760-37BA-9E8A-39A321D4EF59} = {308087FC-4760-37BA-9E8A-39A321D4EF59}
	EndProjectSection
EndProject
Project("{8BC9CEB8-8B4A-11D0-8D11-00A0C91BC942}") = "update_mappings", "_deps\glfw-build\src\update_mappings.vcxproj", "{0DDD0041-11C3-3FDC-844C-B169D9FC17E3}"
	ProjectSection(ProjectDependencies) = postProject
		{308087FC-4760-37BA-9E8A-39A321D4EF59} = {308087FC-4760-37BA-9E8A-39A321D4EF59}
	EndProjectSection
EndProject
Global
	GlobalSection(SolutionConfigurationPlatforms) = preSolution
		Debug|x64 = Debug|x64
		Release|x64 = Release|x64
		MinSizeRel|x64 = MinSizeRel|x64
		RelWithDebInfo|x64 = RelWithDebInfo|x64
	EndGlobalSection
	GlobalSection(ProjectConfigurationPlatforms) = postSolution
		{FDA83664-2A87-39E4-9920-51C761F849C4}.Debug|x64.ActiveCfg = Debug|x64
		{FDA83664-2A87-39E4-9920-51C761F849C4}.Release|x64.ActiveCfg = Release|x64
		{FDA83664-2A87-39E4-9920-51C761F849C4}.MinSizeRel|x64.ActiveCfg = MinSizeRel|x64
		{FDA83664-2A87-39E4-9920-51C761F849C4}.RelWithDebInfo|x64.ActiveCfg = RelWithDebInfo|x64
		{912ECFF2-0691-3D45-BE4E-D9A303D21E93}.Debug|x64.ActiveCfg = Debug|x64
		{912ECFF2-0691-3D45-BE4E-D9A303D21E93}.Release|x64.ActiveCfg = Release|x64
		{912ECFF2-0691-3D45-BE4E-D9A303D21E93}.MinSizeRel|x64.ActiveCfg = MinSizeRel|x64
		{912ECFF2-0691-3D45-BE4E-D9A303D21E93}.RelWithDebInfo|x64.ActiveCfg = RelWithDebInfo|x64
		{0B4765FD-45E6-37F5-9E02-D8E8CC47DF62}.Debug|x64.ActiveCfg = Debug|x64
		{0B4765FD-45E6-37F5-9E02-D8E8CC47DF62}.Release|x64.ActiveCfg = Release|x64
		{0B4765FD-45E6-37F5-9E02-D8E8CC47DF62}.MinSizeRel|x64.ActiveCfg = MinSizeRel|x64
		{0B4765FD-45E6-37F5-9E02-D8E8CC47DF62}.RelWithDebInfo|x64.ActiveCfg = RelWithDebInfo|x64
		{43337ADB-701E-3753-97FF-DE85A08DA2E0}.Debug|x64.ActiveCfg = Debug|x64
		{43337ADB-701E-3753-97FF-DE85A08DA2E0}.Release|x64.ActiveCfg = Release|x64
		{43337ADB-701E-3753-97FF-DE85A08DA2E0}.MinSizeRel|x64.ActiveCfg = MinSizeRel|x64
		{43337ADB-701E-3753-97FF-DE85A08DA2E0}.RelWithDebInfo|x64.ActiveCfg = RelWithDebInfo|x64
		{E8CAEF91-2F4E-3BCD-8ABF-2208712DD865}.Debug|x64.ActiveCfg = Debug|x64
		{E8CAEF91-2F4E-3BCD-8ABF-2208712DD865}.Release|x64.ActiveCfg = Release|x64
		{E8CAEF91-2F4E-3BCD-8ABF-2208712DD865}.MinSizeRel|x64.ActiveCfg = MinSizeRel|x64
		{E8CAEF91-2F4E-3BCD-8ABF-2208712DD865}.RelWithDebInfo|x64.ActiveCfg = RelWithDebInfo|x64
		{DBB1A694-88F3-3808-9524-291EC9CB1F9C}.Debug|x64.ActiveCfg = Debug|x64
		{DBB1A694-88F3-3808-9524-291EC9CB1F9C}.Release|x64.ActiveCfg = Release|x64
		{DBB1A694-88F3-3808-9524-291EC9CB1F9C}.MinSizeRel|x64.ActiveCfg = MinSizeRel|x64
		{DBB1A694-88F3-3808-9524-291EC9CB1F9C}.RelWithDebInfo|x64.ActiveCfg = RelWithDebInfo|x64
		{308087FC-4760-37BA-9E8A-39A321D4EF59}.Debug|x64.ActiveCfg = Debug|x64
		{308087FC-4760-37BA-9E8A-39A321D4EF59}.Debug|x64.Build.0 = Debug|x64
		{308087FC-4760-37BA-9E8A-39A321D4EF59}.Release|x64.ActiveCfg = Release|x64
		{308087FC-4760-37BA-9E8A-39A321D4EF59}.Release|x64.Build.0 = Release|x64
		{308087FC-4760-37BA-9E8A-39A321D4EF59}.MinSizeRel|x64.ActiveCfg = MinSizeRel|x64
		{308087FC-4760-37BA-9E8A-39A321D4EF59}.MinSizeRel|x64.Build.0 = MinSizeRel|x64
		{308087FC-4760-37BA-9E8A-39A321D4EF59}.RelWithDebInfo|x64.ActiveCfg = RelWithDebInfo|x64
		{308087FC-4760-37BA-9E8A-39A321D4EF59}.RelWithDebInfo|x64.Build.0 = RelWithDebInfo|x64
		{AAAA9DD3-8414-3E7A-A5DE-DB526B3E4407}.Debug|x64.ActiveCfg = Debug|x64
		{AAAA9DD3-8414-3E7A-A5DE-DB526B3E4407}.Debug|x64.Build.0 = Debug|x64
		{AAAA9DD3-8414-3E7A-A5DE-DB526B3E4407}.Release|x64.ActiveCfg = Release|x64
		{AAAA9DD3-8414-3E7A-A5DE-DB526B3E4407}.Release|x64.Build.0 = Release|x64
		{AAAA9DD3-8414-3E7A-A5DE-DB526B3E4407}.MinSizeRel|x64.ActiveCfg = MinSizeRel|x64
		{AAAA9DD3-8414-3E7A-A5DE-DB526B3E4407}.MinSizeRel|x64.Build.0 = MinSizeRel|x64
		{AAAA9DD3-8414-3E7A-A5DE-DB526B3E4407}.RelWithDebInfo|x64.ActiveCfg = RelWithDebInfo|x64
		{AAAA9DD3-8414-3E7A-A5DE-DB526B3E4407}.RelWithDebInfo|x64.Build.0 = RelWithDebInfo|x64
		{EA4E6D2D-95BB-3398-9FC7-2EAE392B9D5D}.Debug|x64.ActiveCfg = Debug|x64
		{EA4E6D2D-95BB-3398-9FC7-2EAE392B9D5D}.Debug|x64.Build.0 = Debug|x64
		{EA4E6D2D-95BB-3398-9FC7-2EAE392B9D5D}.Release|x64.ActiveCfg = Release|x64
		{EA4E6D2D-95BB-3398-9FC7-2EAE392B9D5D}.Release|x64.Build.0 = Release|x64
		{EA4E6D2D-95BB-3398-9FC7-2EAE392B9D5D}.MinSizeRel|x64.ActiveCfg = MinSizeRel|x64
		{EA4E6D2D-95BB-3398-9FC7-2EAE392B9D5D}.MinSizeRel|x64.Build.0 = MinSizeRel|x64
		{EA4E6D2D-95BB-3398-9FC7-2EAE392B9D5D}.RelWithDebInfo|x64.ActiveCfg = RelWithDebInfo|x64
		{EA4E6D2D-95BB-3398-9FC7-2EAE392B9D5D}.RelWithDebInfo|x64.Build.0 = RelWithDebInfo|x64
		{C1A57298-2C46-3991-B65C-FE6F6675EFE8}.Debug|x64.ActiveCfg = Debug|x64
		{C1A57298-2C46-3991-B65C-FE6F6675EFE8}.Debug|x64.Build.0 = Debug|x64
		{C1A57298-2C46-3991-B65C-FE6F6675EFE8}.Release|x64.ActiveCfg = Release|x64
		{C1A57298-2C46-3991-B65C-FE6F6675EFE8}.Release|x64.Build.0 = Release|x64
		{C1A57298-2C46-3991-B65C-FE6F6675EFE8}.MinSizeRel|x64.ActiveCfg = MinSizeRel|x64
		{C1A57298-2C46-3991-B65C-FE6F6675EFE8}.MinSizeRel|x64.Build.0 = MinSizeRel|x64
		{C1A57298-2C46-3991-B65C-FE6F6675EFE8}.RelWithDebInfo|x64.ActiveCfg = RelWithDebInfo|x64
		{C1A57298-2C46-3991-B65C-FE6F6675EFE8}.RelWithDebInfo|x64.Build.0 = RelWithDebInfo|x64
		{D9860BA3-E96A-310F-909F-5EB3845039AB}.Debug|x64.ActiveCfg = Debug|x64
		{D9860BA3-E96A-310F-909F-5EB3845039AB}.Debug|x64.Build.0 = Debug|x64
		{D9860BA3-E96A-310F-909F-5EB3845039AB}.Release|x64.ActiveCfg = Release|x64
		{D9860BA3-E96A-310F-909F-5EB3845039AB}.Release|x64.Build.0 = Release|x64
		{D9860BA3-E96A-310F-909F-5EB3845039AB}.MinSizeRel|x64.ActiveCfg = MinSizeRel|x64
		{D9860BA3-E96A-310F-909F-5EB3845039AB}.MinSizeRel|x64.Build.0 = MinSizeRel|x64
		{D9860BA3-E96A-310F-909F-5EB3845039AB}.RelWithDebInfo|x64.ActiveCfg = RelWithDebInfo|x64
		{D9860BA3-E96A-310F-909F-5EB3845039AB}.RelWithDebInfo|x64.Build.0 = RelWithDebInfo|x64
		{3ABE0623-35E2-3AEC-8F42-E2706EF2507C}.Debug|x64.ActiveCfg = Debug|x64
		{3ABE0623-35E2-3AEC-8F42-E2706EF2507C}.Debug|x64.Build.0 = Debug|x64
		{3ABE0623-35E2-3AEC-8F42-E2706EF2507C}.Release|x64.ActiveCfg = Release|x64
		{3ABE0623-35E2-3AEC-8F42-E2706EF2507C}.Release|x64.Build.0 = Release|x64
		{3ABE0623-35E2-3AEC-8F42-E2706EF2507C}.MinSizeRel|x64.ActiveCfg = MinSizeRel|x64
		{3ABE0623-35E2-3AEC-8F42-E2706EF2507C}.MinSizeRel|x64.Build.0 = MinSizeRel|x64
		{3ABE0623-35E2-3AEC-8F42-E2706EF2507C}.RelWithDebInfo|x64.ActiveCfg = RelWithDebInfo|x64
		{3ABE0623-35E2-3AEC-8F42-E2706EF2507C}.RelWithDebInfo|x64.Build.0 = RelWithDebInfo|x64
		{CF6576A6-2C62-33BC-A289-F26F1BE05803}.Debug|x64.ActiveCfg = Debug|x64
		{CF6576A6-2C62-33BC-A289-F26F1BE05803}.Debug|x64.Build.0 = Debug|x64
		{CF6576A6-2C62-33BC-A289-F26F1BE05803}.Release|x64.ActiveCfg = Release|x64
		{CF6576A6-2C62-33BC-A289-F26F1BE05803}.Release|x64.Build.0 = Release|x64
		{CF6576A6-2C62-33BC-A289-F26F1BE05803}.MinSizeRel|x64.ActiveCfg = MinSizeRel|x64
		{CF6576A6-2C62-33BC-A289-F26F1BE05803}.MinSizeRel|x64.Build.0 = MinSizeRel|x64
		{CF6576A6-2C62-33BC-A289-F26F1BE05803}.RelWithDebInfo|x64.ActiveCfg = RelWithDebInfo|x64
		{CF6576A6-2C62-33BC-A289-F26F1BE05803}.RelWithDebInfo|x64.Build.0 = RelWithDebInfo|x64
		{B27CC10F-0473-3126-9F87-8224577AA30B}.Debug|x64.ActiveCfg = Debug|x64
		{B27CC10F-0473-3126-9F87-8224577AA30B}.Debug|x64.Build.0 = Debug|x64
		{B27CC10F-0473-3126-9F87-8224577AA30B}.Release|x64.ActiveCfg = Release|x64
		{B27CC10F-0473-3126-9F87-8224577AA30B}.Release|x64.Build.0 = Release|x64
		{B27CC10F-0473-3126-9F87-8224577AA30B}.MinSizeRel|x64.ActiveCfg = MinSizeRel|x64
		{B27CC10F-0473-3126-9F87-8224577AA30B}.MinSizeRel|x64.Build.0 = MinSizeRel|x64
		{B27CC10F-0473-3126-9F87-8224577AA30B}.RelWithDebInfo|x64.ActiveCfg = RelWithDebInfo|x64
		{B27CC10F-0473-3126-9F87-8224577AA30B}.RelWithDebInfo|x64.Build.0 = RelWithDebInfo|x64
		{05B32559-5949-357C-A4DD-606DD82BAC54}.Debug|x64.ActiveCfg = Debug|x64
		{05B32559-5949-357C-A4DD-606DD82BAC54}.Debug|x64.Build.0 = Debug|x64
		{05B32559-5949-357C-A4DD-606DD82BAC54}.Release|x64.ActiveCfg = Release|x64
		{05B32559-5949-357C-A4DD-606DD82BAC54}.Release|x64.Build.0 = Release|x64
		{05B32559-5949-357C-A4DD-606DD82BAC54}.MinSizeRel|x64.ActiveCfg = MinSizeRel|x64
		{05B32559-5949-357C-A4DD-606DD82BAC54}.MinSizeRel|x64.Build.0 = MinSizeRel|x64
		{05B32559-5949-357C-A4DD-606DD82BAC54}.RelWithDebInfo|x64.ActiveCfg = RelWithDebInfo|x64
		{05B32559-5949-357C-A4DD-606DD82BAC54}.RelWithDebInfo|x64.Build.0 = RelWithDebInfo|x64
		{9D0C1D10-E63E-36E1-9FAE-1E33078F2865}.Debug|x64.ActiveCfg = Debug|x64
		{9D0C1D10-E63E-36E1-9FAE-1E33078F2865}.Debug|x64.Build.0 = Debug|x64
		{9D0C1D10-E63E-36E1-9FAE-1E33078F2865}.Release|x64.ActiveCfg = Release|x64
		{9D0C1D10-E63E-36E1-9FAE-1E33078F2865}.Release|x64.Build.0 = Release|x64
		{9D0C1D10-E63E-36E1-9FAE-1E33078F2865}.MinSizeRel|x64.ActiveCfg = MinSizeRel|x64
		{9D0C1D10-E63E-36E1-9FAE-1E33078F2865}.MinSizeRel|x64.Build.0 = MinSizeRel|x64
		{9D0C1D10-E63E-36E1-9FAE-1E33078F2865}.RelWithDebInfo|x64.ActiveCfg = RelWithDebInfo|x64
		{9D0C1D10-E63E-36E1-9FAE-1E33078F2865}.RelWithDebInfo|x64.Build.0 = RelWithDebInfo|x64
		{64DD955D-198F-3EE0-AF4F-F06753B8E4AE}.Debug|x64.ActiveCfg = Debug|x64
		{64DD955D-198F-3EE0-AF4F-F06753B8E4AE}.Debug|x64.Build.0 = Debug|x64
		{64DD955D-198F-3EE0-AF4F-F06753B8E4AE}.Release|x64.ActiveCfg = Release|x64
		{64DD955D-198F-3EE0-AF4F-F06753B8E4AE}.Release|x64.Build.0 = Release|x64
		{64DD955D-198F-3EE0-AF4F-F06753B8E4AE}.MinSizeRel|x64.ActiveCfg = MinSizeRel|x64
		{64DD955D-198F-3EE0-AF4F-F06753B8E4AE}.MinSizeRel|x64.Build.0 = MinSizeRel|x64
		{64DD955D-198F-3EE0-AF4F-F06753B8E4AE}.RelWithDebInfo|x64.ActiveCfg = RelWithDebInfo|x64
		{64DD955D-198F-3EE0-AF4F-F06753B8E4AE}.RelWithDebInfo|x64.Build.0 = RelWithDebInfo|x64
		{D28EE2E8-BA22-3FF0-89F7-DFC0A8DAF065}.Debug|x64.ActiveCfg = Debug|x64
		{D28EE2E8-BA22-3FF0-89F7-DFC0A8DAF065}.Debug|x64.Build.0 = Debug|x64
		{D28EE2E8-BA22-3FF0-89F7-DFC0A8DAF065}.Release|x64.ActiveCfg = Release|x64
		{D28EE2E8-BA22-3FF0-89F7-DFC0A8DAF065}.Release|x64.Build.0 = Release|x64
		{D28EE2E8-BA22-3FF0-89F7-DFC0A8DAF065}.MinSizeRel|x64.ActiveCfg = MinSizeRel|x64
		{D28EE2E8-BA22-3FF0-89F7-DFC0A8DAF065}.MinSizeRel|x64.Build.0 = MinSizeRel|x64
		{D28EE2E8-BA22-3FF0-89F7-DFC0A8DAF065}.RelWithDebInfo|x64.ActiveCfg = RelWithDebInfo|x64
		{D28EE2E8-BA22-3FF0-89F7-DFC0A8DAF065}.RelWithDebInfo|x64.Build.0 = RelWithDebInfo|x64
		{4051A9BD-364C-3875-AE7B-F1FB8257A31B}.Debug|x64.ActiveCfg = Debug|x64
		{4051A9BD-364C-3875-AE7B-F1FB8257A31B}.Debug|x64.Build.0 = Debug|x64
		{4051A9BD-364C-3875-AE7B-F1FB8257A31B}.Release|x64.ActiveCfg = Release|x64
		{4051A9BD-364C-3875-AE7B-F1FB8257A31B}.Release|x64.Build.0 = Release|x64
		{4051A9BD-364C-3875-AE7B-F1FB8257A31B}.MinSizeRel|x64.ActiveCfg = MinSizeRel|x64
		{4051A9BD-364C-3875-AE7B-F1FB8257A31B}.MinSizeRel|x64.Build.0 = MinSizeRel|x64
		{4051A9BD-364C-3875-AE7B-F1FB8257A31B}.RelWithDebInfo|x64.ActiveCfg = RelWithDebInfo|x64
		{4051A9BD-364C-3875-AE7B-F1FB8257A31B}.RelWithDebInfo|x64.Build.0 = RelWithDebInfo|x64
		{338F35BF-0157-32E6-BBBB-4F34BCB65CE7}.Debug|x64.ActiveCfg = Debug|x64
		{338F35BF-0157-32E6-BBBB-4F34BCB65CE7}.Debug|x64.Build.0 = Debug|x64
		{338F35BF-0157-32E6-BBBB-4F34BCB65CE7}.Release|x64.ActiveCfg = Release|x64
		{338F35BF-0157-32E6-BBBB-4F34BCB65CE7}.Release|x64.Build.0 = Release|x64
		{338F35BF-0157-32E6-BBBB-4F34BCB65CE7}.MinSizeRel|x64.ActiveCfg = MinSizeRel|x64
		{338F35BF-0157-32E6-BBBB-4F34BCB65CE7}.MinSizeRel|x64.Build.0 = MinSizeRel|x64
		{338F35BF-0157-32E6-BBBB-4F34BCB65CE7}.RelWithDebInfo|x64.ActiveCfg = RelWithDebInfo|x64
		{338F35BF-0157-32E6-BBBB-4F34BCB65CE7}.RelWithDebInfo|x64.Build.0 = RelWithDebInfo|x64
		{B984E5DE-BEB7-3D29-995A-2A35F7355F1E}.Debug|x64.ActiveCfg = Debug|x64
		{B984E5DE-BEB7-3D29-995A-2A35F7355F1E}.Debug|x64.Build.0 = Debug|x64
		{B984E5DE-BEB7-3D29-995A-2A35F7355F1E}.Release|x64.ActiveCfg = Release|x64
		{B984E5DE-BEB7-3D29-995A-2A35F7355F1E}.Release|x64.Build.0 = Release|x64
		{B984E5DE-BEB7-3D29-995A-2A35F7355F1E}.MinSizeRel|x64.ActiveCfg = MinSizeRel|x64
		{B984E5DE-BEB7-3D29-995A-2A35F7355F1E}.MinSizeRel|x64.Build.0 = MinSizeRel|x64
		{B984E5DE-BEB7-3D29-995A-2A35F7355F1E}.RelWithDebInfo|x64.ActiveCfg = RelWithDebInfo|x64
		{B984E5DE-BEB7-3D29-995A-2A35F7355F1E}.RelWithDebInfo|x64.Build.0 = RelWithDebInfo|x64
		{F32F8FD3-BD81-3671-B045-185DF35FD95D}.Debug|x64.ActiveCfg = Debug|x64
		{F32F8FD3-BD81-3671-B045-185DF35FD95D}.Debug|x64.Build.0 = Debug|x64
		{F32F8FD3-BD81-3671-B045-185DF35FD95D}.Release|x64.ActiveCfg = Release|x64
		{F32F8FD3-BD81-3671-B045-185DF35FD95D}.Release|x64.Build.0 = Release|x64
		{F32F8FD3-BD81-3671-B045-185DF35FD95D}.MinSizeRel|x64.ActiveCfg = MinSizeRel|x64
		{F32F8FD3-BD81-3671-B045-185DF35FD95D}.MinSizeRel|x64.Build.0 = MinSizeRel|x64
		{F32F8FD3-BD81-3671-B045-185DF35FD95D}.RelWithDebInfo|x64.ActiveCfg = RelWithDebInfo|x64
		{F32F8FD3-BD81-3671-B045-185DF35FD95D}.RelWithDebInfo|x64.Build.0 = RelWithDebInfo|x64
		{58F8CEC8-D1A2-397A-8BE2-1266F416E69F}.Debug|x64.ActiveCfg = Debug|x64
		{58F8CEC8-D1A2-397A-8BE2-1266F416E69F}.Debug|x64.Build.0 = Debug|x64
		{58F8CEC8-D1A2-397A-8BE2-1266F416E69F}.Release|x64.ActiveCfg = Release|x64
		{58F8CEC8-D1A2-397A-8BE2-1266F416E69F}.Release|x64.Build.0 = Release|x64
		{58F8CEC8-D1A2-397A-8BE2-1266F416E69F}.MinSizeRel|x64.ActiveCfg = MinSizeRel|x64
		{58F8CEC8-D1A2-397A-8BE2-1266F416E69F}.MinSizeRel|x64.Build.0 = MinSizeRel|x64
		{58F8CEC8-D1A2-397A-8BE2-1266F416E69F}.RelWithDebInfo|x64.ActiveCfg = RelWithDebInfo|x64
		{58F8CEC8-D1A2-397A-8BE2-1266F416E69F}.RelWithDebInfo|x64.Build.0 = RelWithDebInfo|x64
		{7BAB8351-DBF0-3918-B141-3EAFAF4D4630}.Debug|x64.ActiveCfg = Debug|x64
		{7BAB8351-DBF0-3918-B141-3EAFAF4D4630}.Debug|x64.Build.0 = Debug|x64
		{7BAB8351-DBF0-3918-B141-3EAFAF4D4630}.Release|x64.ActiveCfg = Release|x64
		{7BAB8351-DBF0-3918-B141-3EAFAF4D4630}.Release|x64.Build.0 = Release|x64
		{7BAB8351-DBF0-3918-B141-3EAFAF4D4630}.MinSizeRel|x64.ActiveCfg = MinSizeRel|x64
		{7BAB8351-DBF0-3918-B141-3EAFAF4D4630}.MinSizeRel|x64.Build.0 = MinSizeRel|x64
		{7BAB8351-DBF0-3918-B141-3EAFAF4D4630}.RelWithDebInfo|x64.ActiveCfg = RelWithDebInfo|x64
		{7BAB8351-DBF0-3918-B141-3EAFAF4D4630}.RelWithDebInfo|x64.Build.0 = RelWithDebInfo|x64
		{03EC384C-5FD8-39B4-AC8A-2582CD0AE3BF}.Debug|x64.ActiveCfg = Debug|x64
		{03EC384C-5FD8-39B4-AC8A-2582CD0AE3BF}.Debug|x64.Build.0 = Debug|x64
		{03EC384C-5FD8-39B4-AC8A-2582CD0AE3BF}.Release|x64.ActiveCfg = Release|x64
		{03EC384C-5FD8-39B4-AC8A-2582CD0AE3BF}.Release|x64.Build.0 = Release|x64
		{03EC384C-5FD8-39B4-AC8A-2582CD0AE3BF}.MinSizeRel|x64.ActiveCfg = MinSizeRel|x64
		{03EC384C-5FD8-39B4-AC8A-2582CD0AE3BF}.MinSizeRel|x64.Build.0 = MinSizeRel|x64
		{03EC384C-5FD8-39B4-AC8A-2582CD0AE3BF}.RelWithDebInfo|x64.ActiveCfg = RelWithDebInfo|x64
		{03EC384C-5FD8-39B4-AC8A-2582CD0AE3BF}.RelWithDebInfo|x64.Build.0 = RelWithDebInfo|x64
		{4EE4C0B9-D96E-3305-9BAE-C7B446328F42}.Debug|x64.ActiveCfg = Debug|x64
		{4EE4C0B9-D96E-3305-9BAE-C7B446328F42}.Debug|x64.Build.0 = Debug|x64
		{4EE4C0B9-D96E-3305-9BAE-C7B446328F42}.Release|x64.ActiveCfg = Release|x64
		{4EE4C0B9-D96E-3305-9BAE-C7B446328F42}.Release|x64.Build.0 = Release|x64
		{4EE4C0B9-D96E-3305-9BAE-C7B446328F42}.MinSizeRel|x64.ActiveCfg = MinSizeRel|x64
		{4EE4C0B9-D96E-3305-9BAE-C7B446328F42}.MinSizeRel|x64.Build.0 = MinSizeRel|x64
		{4EE4C0B9-D96E-3305-9BAE-C7B446328F42}.RelWithDebInfo|x64.ActiveCfg = RelWithDebInfo|x64
		{4EE4C0B9-D96E-3305-9BAE-C7B446328F42}.RelWithDebInfo|x64.Build.0 = RelWithDebInfo|x64
		{08DD537E-C10C-397F-9424-AC04D9294D7D}.Debug|x64.ActiveCfg = Debug|x64
		{08DD537E-C10C-397F-9424-AC04D9294D7D}.Debug|x64.Build.0 = Debug|x64
		{08DD537E-C10C-397F-9424-AC04D9294D7D}.Release|x64.ActiveCfg = Release|x64
		{08DD537E-C10C-397F-9424-AC04D9294D7D}.Release|x64.Build.0 = Release|x64
		{08DD537E-C10C-397F-9424-AC04D9294D7D}.MinSizeRel|x64.ActiveCfg = MinSizeRel|x64
		{08DD537E-C10C-397F-9424-AC04D9294D7D}.MinSizeRel|x64.Build.0 = MinSizeRel|x64
		{08DD537E-C10C-397F-9424-AC04D9294D7D}.RelWithDebInfo|x64.ActiveCfg = RelWithDebInfo|x64
		{08DD537E-C10C-397F-9424-AC04D9294D7D}.RelWithDebInfo|x64.Build.0 = RelWithDebInfo|x64
		{194FBB81-37B9-3F91-8C2C-00BF624561E0}.Debug|x64.ActiveCfg = Debug|x64
		{194FBB81-37B9-3F91-8C2C-00BF624561E0}.Debug|x64.Build.0 = Debug|x64
		{194FBB81-37B9-3F91-8C2C-00BF624561E0}.Release|x64.ActiveCfg = Release|x64
		{194FBB81-37B9-3F91-8C2C-00BF624561E0}.Release|x64.Build.0 = Release|x64
		{194FBB81-37B9-3F91-8C2C-00BF624561E0}.MinSizeRel|x64.ActiveCfg = MinSizeRel|x64
		{194FBB81-37B9-3F91-8C2C-00BF624561E0}.MinSizeRel|x64.Build.0 = MinSizeRel|x64
		{194FBB81-37B9-3F91-8C2C-00BF624561E0}.RelWithDebInfo|x64.ActiveCfg = RelWithDebInfo|x64
		{194FBB81-37B9-3F91-8C2C-00BF624561E0}.RelWithDebInfo|x64.Build.0 = RelWithDebInfo|x64
		{E7205575-3A4E-33C2-8801-D58CA2EC4516}.Debug|x64.ActiveCfg = Debug|x64
		{E7205575-3A4E-33C2-8801-D58CA2EC4516}.Debug|x64.Build.0 = Debug|x64
		{E7205575-3A4E-33C2-8801-D58CA2EC4516}.Release|x64.ActiveCfg = Release|x64
		{E7205575-3A4E-33C2-8801-D58CA2EC4516}.Release|x64.Build.0 = Release|x64
		{E7205575-3A4E-33C2-8801-D58CA2EC4516}.MinSizeRel|x64.ActiveCfg = MinSizeRel|x64
		{E7205575-3A4E-33C2-8801-D58CA2EC4516}.MinSizeRel|x64.Build.0 = MinSizeRel|x64
		{E7205575-3A4E-33C2-8801-D58CA2EC4516}.RelWithDebInfo|x64.ActiveCfg = RelWithDebInfo|x64
		{E7205575-3A4E-33C2-8801-D58CA2EC4516}.RelWithDebInfo|x64.Build.0 = RelWithDebInfo|x64
		{97866869-4E0B-3541-8346-0A63CD24F92C}.Debug|x64.ActiveCfg = Debug|x64
		{97866869-4E0B-3541-8346-0A63CD24F92C}.Debug|x64.Build.0 = Debug|x64
		{97866869-4E0B-3541-8346-0A63CD24F92C}.Release|x64.ActiveCfg = Release|x64
		{97866869-4E0B-3541-8346-0A63CD24F92C}.Release|x64.Build.0 = Release|x64
		{97866869-4E0B-3541-8346-0A63CD24F92C}.MinSizeRel|x64.ActiveCfg = MinSizeRel|x64
		{97866869-4E0B-3541-8346-0A63CD24F92C}.MinSizeRel|x64.Build.0 = MinSizeRel|x64
		{97866869-4E0B-3541-8346-0A63CD24F92C}.RelWithDebInfo|x64.ActiveCfg = RelWithDebInfo|x64
		{97866869-4E0B-3541-8346-0A63CD24F92C}.RelWithDebInfo|x64.Build.0 = RelWithDebInfo|x64
		{EE72B48E-0687-3316-A1A6-4FC9CCC25E93}.Debug|x64.ActiveCfg = Debug|x64
		{EE72B48E-0687-3316-A1A6-4FC9CCC25E93}.Debug|x64.Build.0 = Debug|x64
		{EE72B48E-0687-3316-A1A6-4FC9CCC25E93}.Release|x64.ActiveCfg = Release|x64
		{EE72B48E-0687-3316-A1A6-4FC9CCC25E93}.Release|x64.Build.0 = Release|x64
		{EE72B48E-0687-3316-A1A6-4FC9CCC25E93}.MinSizeRel|x64.ActiveCfg = MinSizeRel|x64
		{EE72B48E-0687-3316-A1A6-4FC9CCC25E93}.MinSizeRel|x64.Build.0 = MinSizeRel|x64
		{EE72B48E-0687-3316-A1A6-4FC9CCC25E93}.RelWithDebInfo|x64.ActiveCfg = RelWithDebInfo|x64
		{EE72B48E-0687-3316-A1A6-4FC9CCC25E93}.RelWithDebInfo|x64.Build.0 = RelWithDebInfo|x64
		{4DC87E03-DEA4-386C-A9FB-6826AADF6C16}.Debug|x64.ActiveCfg = Debug|x64
		{4DC87E03-DEA4-386C-A9FB-6826AADF6C16}.Debug|x64.Build.0 = Debug|x64
		{4DC87E03-DEA4-386C-A9FB-6826AADF6C16}.Release|x64.ActiveCfg = Release|x64
		{4DC87E03-DEA4-386C-A9FB-6826AADF6C16}.Release|x64.Build.0 = Release|x64
		{4DC87E03-DEA4-386C-A9FB-6826AADF6C16}.MinSizeRel|x64.ActiveCfg = MinSizeRel|x64
		{4DC87E03-DEA4-386C-A9FB-6826AADF6C16}.MinSizeRel|x64.Build.0 = MinSizeRel|x64
		{4DC87E03-DEA4-386C-A9FB-6826AADF6C16}.RelWithDebInfo|x64.ActiveCfg = RelWithDebInfo|x64
		{4DC87E03-DEA4-386C-A9FB-6826AADF6C16}.RelWithDebInfo|x64.Build.0 = RelWithDebInfo|x64
		{07C25A94-869A-369E-9796-04F01F30E9CA}.Debug|x64.ActiveCfg = Debug|x64
		{07C25A94-869A-369E-9796-04F01F30E9CA}.Debug|x64.Build.0 = Debug|x64
		{07C25A94-869A-369E-9796-04F01F30E9CA}.Release|x64.ActiveCfg = Release|x64
		{07C25A94-869A-369E-9796-04F01F30E9CA}.Release|x64.Build.0 = Release|x64
		{07C25A94-869A-369E-9796-04F01F30E9CA}.MinSizeRel|x64.ActiveCfg = MinSizeRel|x64
		{07C25A94-869A-369E-9796-04F01F30E9CA}.MinSizeRel|x64.Build.0 = MinSizeRel|x64
		{07C25A94-869A-369E-9796-04F01F30E9CA}.RelWithDebInfo|x64.ActiveCfg = RelWithDebInfo|x64
		{07C25A94-869A-369E-9796-04F01F30E9CA}.RelWithDebInfo|x64.Build.0 = RelWithDebInfo|x64
		{D3A85F58-4A92-3B16-BD59-8B2475829536}.Debug|x64.ActiveCfg = Debug|x64
		{D3A85F58-4A92-3B16-BD59-8B2475829536}.Debug|x64.Build.0 = Debug|x64
		{D3A85F58-4A92-3B16-BD59-8B2475829536}.Release|x64.ActiveCfg = Release|x64
		{D3A85F58-4A92-3B16-BD59-8B2475829536}.Release|x64.Build.0 = Release|x64
		{D3A85F58-4A92-3B16-BD59-8B2475829536}.MinSizeRel|x64.ActiveCfg = MinSizeRel|x64
		{D3A85F58-4A92-3B16-BD59-8B2475829536}.MinSizeRel|x64.Build.0 = MinSizeRel|x64
		{D3A85F58-4A92-3B16-BD59-8B2475829536}.RelWithDebInfo|x64.ActiveCfg = RelWithDebInfo|x64
		{D3A85F58-4A92-3B16-BD59-8B2475829536}.RelWithDebInfo|x64.Build.0 = RelWithDebInfo|x64
		{1C6C1A98-15CF-3FE9-8178-A5E7B53F9FDB}.Debug|x64.ActiveCfg = Debug|x64
		{1C6C1A98-15CF-3FE9-8178-A5E7B53F9FDB}.Debug|x64.Build.0 = Debug|x64
		{1C6C1A98-15CF-3FE9-8178-A5E7B53F9FDB}.Release|x64.ActiveCfg = Release|x64
		{1C6C1A98-15CF-3FE9-8178-A5E7B53F9FDB}.Release|x64.Build.0 = Release|x64
		{1C6C1A98-15CF-3FE9-8178-A5E7B53F9FDB}.MinSizeRel|x64.ActiveCfg = MinSizeRel|x64
		{1C6C1A98-15CF-3FE9-8178-A5E7B53F9FDB}.MinSizeRel|x64.Build.0 = MinSizeRel|x64
		{1C6C1A98-15CF-3FE9-8178-A5E7B53F9FDB}.RelWithDebInfo|x64.ActiveCfg = RelWithDebInfo|x64
		{1C6C1A98-15CF-3FE9-8178-A5E7B53F9FDB}.RelWithDebInfo|x64.Build.0 = RelWithDebInfo|x64
		{7174EF8B-D4E7-3BF3-8C51-7A8E595E0BB0}.Debug|x64.ActiveCfg = Debug|x64
		{7174EF8B-D4E7-3BF3-8C51-7A8E595E0BB0}.Debug|x64.Build.0 = Debug|x64
		{7174EF8B-D4E7-3BF3-8C51-7A8E595E0BB0}.Release|x64.ActiveCfg = Release|x64
		{7174EF8B-D4E7-3BF3-8C51-7A8E595E0BB0}.Release|x64.Build.0 = Release|x64
		{7174EF8B-D4E7-3BF3-8C51-7A8E595E0BB0}.MinSizeRel|x64.ActiveCfg = MinSizeRel|x64
		{7174EF8B-D4E7-3BF3-8C51-7A8E595E0BB0}.MinSizeRel|x64.Build.0 = MinSizeRel|x64
		{7174EF8B-D4E7-3BF3-8C51-7A8E595E0BB0}.RelWithDebInfo|x64.ActiveCfg = RelWithDebInfo|x64
		{7174EF8B-D4E7-3BF3-8C51-7A8E595E0BB0}.RelWithDebInfo|x64.Build.0 = RelWithDebInfo|x64
		{D54B8297-64D2-372E-8FCB-E0E96E201370}.Debug|x64.ActiveCfg = Debug|x64
		{D54B8297-64D2-372E-8FCB-E0E96E201370}.Debug|x64.Build.0 = Debug|x64
		{D54B8297-64D2-372E-8FCB-E0E96E201370}.Release|x64.ActiveCfg = Release|x64
		{D54B8297-64D2-372E-8FCB-E0E96E201370}.Release|x64.Build.0 = Release|x64
		{D54B8297-64D2-372E-8FCB-E0E96E201370}.MinSizeRel|x64.ActiveCfg = MinSizeRel|x64
		{D54B8297-64D2-372E-8FCB-E0E96E201370}.MinSizeRel|x64.Build.0 = MinSizeRel|x64
		{D54B8297-64D2-372E-8FCB-E0E96E201370}.RelWithDebInfo|x64.ActiveCfg = RelWithDebInfo|x64
		{D54B8297-64D2-372E-8FCB-E0E96E201370}.RelWithDebInfo|x64.Build.0 = RelWithDebInfo|x64
		{C61E8F34-CB24-39A8-9BB7-0531601F2E1F}.Debug|x64.ActiveCfg = Debug|x64
		{C61E8F34-CB24-39A8-9BB7-0531601F2E1F}.Debug|x64.Build.0 = Debug|x64
		{C61E8F34-CB24-39A8-9BB7-0531601F2E1F}.Release|x64.ActiveCfg = Release|x64
		{C61E8F34-CB24-39A8-9BB7-0531601F2E1F}.Release|x64.Build.0 = Release|x64
		{C61E8F34-CB24-39A8-9BB7-0531601F2E1F}.MinSizeRel|x64.ActiveCfg = MinSizeRel|x64
		{C61E8F34-CB24-39A8-9BB7-0531601F2E1F}.MinSizeRel|x64.Build.0 = MinSizeRel|x64
		{C61E8F34-CB24-39A8-9BB7-0531601F2E1F}.RelWithDebInfo|x64.ActiveCfg = RelWithDebInfo|x64
		{C61E8F34-CB24-39A8-9BB7-0531601F2E1F}.RelWithDebInfo|x64.Build.0 = RelWithDebInfo|x64
		{6C815AF9-D69C-3063-951B-8D490D119870}.Debug|x64.ActiveCfg = Debug|x64
		{6C815AF9-D69C-3063-951B-8D490D119870}.Debug|x64.Build.0 = Debug|x64
		{6C815AF9-D69C-3063-951B-8D490D119870}.Release|x64.ActiveCfg = Release|x64
		{6C815AF9-D69C-3063-951B-8D490D119870}.Release|x64.Build.0 = Release|x64
		{6C815AF9-D69C-3063-951B-8D490D119870}.MinSizeRel|x64.ActiveCfg = MinSizeRel|x64
		{6C815AF9-D69C-3063-951B-8D490D119870}.MinSizeRel|x64.Build.0 = MinSizeRel|x64
		{6C815AF9-D69C-3063-951B-8D490D119870}.RelWithDebInfo|x64.ActiveCfg = RelWithDebInfo|x64
		{6C815AF9-D69C-3063-951B-8D490D119870}.RelWithDebInfo|x64.Build.0 = RelWithDebInfo|x64
		{9BBCBF68-A49D-3D68-AC41-28603B0537F6}.Debug|x64.ActiveCfg = Debug|x64
		{9BBCBF68-A49D-3D68-AC41-28603B0537F6}.Debug|x64.Build.0 = Debug|x64
		{9BBCBF68-A49D-3D68-AC41-28603B0537F6}.Release|x64.ActiveCfg = Release|x64
		{9BBCBF68-A49D-3D68-AC41-28603B0537F6}.Release|x64.Build.0 = Release|x64
		{9BBCBF68-A49D-3D68-AC41-28603B0537F6}.MinSizeRel|x64.ActiveCfg = MinSizeRel|x64
		{9BBCBF68-A49D-3D68-AC41-28603B0537F6}.MinSizeRel|x64.Build.0 = MinSizeRel|x64
		{9BBCBF68-A49D-3D68-AC41-28603B0537F6}.RelWithDebInfo|x64.ActiveCfg = RelWithDebInfo|x64
		{9BBCBF68-A49D-3D68-AC41-28603B0537F6}.RelWithDebInfo|x64.Build.0 = RelWithDebInfo|x64
		{DC8C1F83-25F3-3F94-BCE5-438BD430772A}.Debug|x64.ActiveCfg = Debug|x64
		{DC8C1F83-25F3-3F94-BCE5-438BD430772A}.Debug|x64.Build.0 = Debug|x64
		{DC8C1F83-25F3-3F94-BCE5-438BD430772A}.Release|x64.ActiveCfg = Release|x64
		{DC8C1F83-25F3-3F94-BCE5-438BD430772A}.Release|x64.Build.0 = Release|x64
		{DC8C1F83-25F3-3F94-BCE5-438BD430772A}.MinSizeRel|x64.ActiveCfg = MinSizeRel|x64
		{DC8C1F83-25F3-3F94-BCE5-438BD430772A}.MinSizeRel|x64.Build.0 = MinSizeRel|x64
		{DC8C1F83-25F3-3F94-BCE5-438BD430772A}.RelWithDebInfo|x64.ActiveCfg = RelWithDebInfo|x64
		{DC8C1F83-25F3-3F94-BCE5-438BD430772A}.RelWithDebInfo|x64.Build.0 = RelWithDebInfo|x64
		{BC2B8A65-E09E-37DE-87A4-9AC46D9EF574}.Debug|x64.ActiveCfg = Debug|x64
		{BC2B8A65-E09E-37DE-87A4-9AC46D9EF574}.Debug|x64.Build.0 = Debug|x64
		{BC2B8A65-E09E-37DE-87A4-9AC46D9EF574}.Release|x64.ActiveCfg = Release|x64
		{BC2B8A65-E09E-37DE-87A4-9AC46D9EF574}.Release|x64.Build.0 = Release|x64
		{BC2B8A65-E09E-37DE-87A4-9AC46D9EF574}.MinSizeRel|x64.ActiveCfg = MinSizeRel|x64
		{BC2B8A65-E09E-37DE-87A4-9AC46D9EF574}.MinSizeRel|x64.Build.0 = MinSizeRel|x64
		{BC2B8A65-E09E-37DE-87A4-9AC46D9EF574}.RelWithDebInfo|x64.ActiveCfg = RelWithDebInfo|x64
		{BC2B8A65-E09E-37DE-87A4-9AC46D9EF574}.RelWithDebInfo|x64.Build.0 = RelWithDebInfo|x64
		{2B2F48B2-CFCB-3728-8B1B-7834AEBD33AE}.Debug|x64.ActiveCfg = Debug|x64
		{2B2F48B2-CFCB-3728-8B1B-7834AEBD33AE}.Debug|x64.Build.0 = Debug|x64
		{2B2F48B2-CFCB-3728-8B1B-7834AEBD33AE}.Release|x64.ActiveCfg = Release|x64
		{2B2F48B2-CFCB-3728-8B1B-7834AEBD33AE}.Release|x64.Build.0 = Release|x64
		{2B2F48B2-CFCB-3728-8B1B-7834AEBD33AE}.MinSizeRel|x64.ActiveCfg = MinSizeRel|x64
		{2B2F48B2-CFCB-3728-8B1B-7834AEBD33AE}.MinSizeRel|x64.Build.0 = MinSizeRel|x64
		{2B2F48B2-CFCB-3728-8B1B-7834AEBD33AE}.RelWithDebInfo|x64.ActiveCfg = RelWithDebInfo|x64
		{2B2F48B2-CFCB-3728-8B1B-7834AEBD33AE}.RelWithDebInfo|x64.Build.0 = RelWithDebInfo|x64
		{CF2006CF-396A-3202-8E65-590ABD61761A}.Debug|x64.ActiveCfg = Debug|x64
		{CF2006CF-396A-3202-8E65-590ABD61761A}.Debug|x64.Build.0 = Debug|x64
		{CF2006CF-396A-3202-8E65-590ABD61761A}.Release|x64.ActiveCfg = Release|x64
		{CF2006CF-396A-3202-8E65-590ABD61761A}.Release|x64.Build.0 = Release|x64
		{CF2006CF-396A-3202-8E65-590ABD61761A}.MinSizeRel|x64.ActiveCfg = MinSizeRel|x64
		{CF2006CF-396A-3202-8E65-590ABD61761A}.MinSizeRel|x64.Build.0 = MinSizeRel|x64
		{CF2006CF-396A-3202-8E65-590ABD61761A}.RelWithDebInfo|x64.ActiveCfg = RelWithDebInfo|x64
		{CF2006CF-396A-3202-8E65-590ABD61761A}.RelWithDebInfo|x64.Build.0 = RelWithDebInfo|x64
		{0DDD0041-11C3-3FDC-844C-B169D9FC17E3}.Debug|x64.ActiveCfg = Debug|x64
		{0DDD0041-11C3-3FDC-844C-B169D9FC17E3}.Release|x64.ActiveCfg = Release|x64
		{0DDD0041-11C3-3FDC-844C-B169D9FC17E3}.MinSizeRel|x64.ActiveCfg = MinSizeRel|x64
		{0DDD0041-11C3-3FDC-844C-B169D9FC17E3}.RelWithDebInfo|x64.ActiveCfg = RelWithDebInfo|x64
	EndGlobalSection
	GlobalSection(NestedProjects) = preSolution
		{FDA83664-2A87-39E4-9920-51C761F849C4} = {DFDB82F0-3A07-35E0-8E68-D89BF8DCB07C}
		{DBB1A694-88F3-3808-9524-291EC9CB1F9C} = {DFDB82F0-3A07-35E0-8E68-D89BF8DCB07C}
		{308087FC-4760-37BA-9E8A-39A321D4EF59} = {DFDB82F0-3A07-35E0-8E68-D89BF8DCB07C}
		{912ECFF2-0691-3D45-BE4E-D9A303D21E93} = {688A2CDA-E286-3D3A-A741-66F88D7BA12F}
		{0B4765FD-45E6-37F5-9E02-D8E8CC47DF62} = {688A2CDA-E286-3D3A-A741-66F88D7BA12F}
		{43337ADB-701E-3753-97FF-DE85A08DA2E0} = {688A2CDA-E286-3D3A-A741-66F88D7BA12F}
		{E8CAEF91-2F4E-3BCD-8ABF-2208712DD865} = {688A2CDA-E286-3D3A-A741-66F88D7BA12F}
		{CF2006CF-396A-3202-8E65-590ABD61761A} = {5D692D31-A8BB-3E01-83F9-6A6584542053}
		{0DDD0041-11C3-3FDC-844C-B169D9FC17E3} = {5D692D31-A8BB-3E01-83F9-6A6584542053}
	EndGlobalSection
	GlobalSection(ExtensibilityGlobals) = postSolution
		SolutionGuid = {473C9303-0462-3DB9-B94E-E356641C6106}
	EndGlobalSection
	GlobalSection(ExtensibilityAddIns) = postSolution
	EndGlobalSection
EndGlobal
