<?xml version="1.0" encoding="utf-8"?>
<Project ToolsVersion="17.0" xmlns="http://schemas.microsoft.com/developer/msbuild/2003">
  <ItemGroup>
    <CustomBuild Include="C:\Users\rapha\Documents\_PROJECTS\FabricaEngine\engine\build_rhi\CMakeFiles\ea5ab80fd2c066815a43c162163458e4\RUN_TESTS_force.rule">
      <Filter>CMake Rules</Filter>
    </CustomBuild>
  </ItemGroup>
  <ItemGroup>
    <Filter Include="CMake Rules">
      <UniqueIdentifier>{C261EE1A-5AE2-31AF-AE17-00F1EE1A5F4E}</UniqueIdentifier>
    </Filter>
  </ItemGroup>
</Project>
